
Microsoft Visual Studio Solution File, Format Version 12.00
# Visual Studio Version 16
VisualStudioVersion = 25.0.1706.11
MinimumVisualStudioVersion = 10.0.40219.1
Project("{FAE04EC0-301F-11D3-BF4B-00C04F79EFBC}") = "лаба13", "лаба13\лаба13.csproj", "{D946A734-0002-479D-B7F0-B9353DCB910E}"
EndProject
Project("{2150E333-8FDC-42A3-9474-1A3956D46DE8}") = "Элементы решения", "Элементы решения", "{C362B72C-E97D-4DEA-9E0C-6C766351C79A}"
	ProjectSection(SolutionItems) = preProject
		.editorconfig = .editorconfig
	EndProjectSection
EndProject
Global
	GlobalSection(SolutionConfigurationPlatforms) = preSolution
		Debug|Any CPU = Debug|Any CPU
		Release|Any CPU = Release|Any CPU
	EndGlobalSection
	GlobalSection(ProjectConfigurationPlatforms) = postSolution
		{D946A734-0002-479D-B7F0-B9353DCB910E}.Debug|Any CPU.ActiveCfg = Debug|Any CPU
		{D946A734-0002-479D-B7F0-B9353DCB910E}.Debug|Any CPU.Build.0 = Debug|Any CPU
		{D946A734-0002-479D-B7F0-B9353DCB910E}.Release|Any CPU.ActiveCfg = Release|Any CPU
		{D946A734-0002-479D-B7F0-B9353DCB910E}.Release|Any CPU.Build.0 = Release|Any CPU
	EndGlobalSection
	GlobalSection(SolutionProperties) = preSolution
		HideSolutionNode = FALSE
	EndGlobalSection
	GlobalSection(ExtensibilityGlobals) = postSolution
		SolutionGuid = {7E998E2A-A75E-42FD-95D6-77EA8901592F}
	EndGlobalSection
EndGlobal
